
Microsoft Visual Studio Solution File, Format Version 12.00
# Visual Studio 15
VisualStudioVersion = 15.0.27130.2024
MinimumVisualStudioVersion = 10.0.40219.1
Project("{FAE04EC0-301F-11D3-BF4B-00C04F79EFBC}") = "Lab02", "Lab02\Lab02.csproj", "{F4B2B06C-61FD-4D7A-8DEA-58529EA4A8D6}"
EndProject
Global
	GlobalSection(SolutionConfigurationPlatforms) = preSolution
		Debug|Any CPU = Debug|Any CPU
		Release|Any CPU = Release|Any CPU
	EndGlobalSection
	GlobalSection(ProjectConfigurationPlatforms) = postSolution
		{F4B2B06C-61FD-4D7A-8DEA-58529EA4A8D6}.Debug|Any CPU.ActiveCfg = Debug|Any CPU
		{F4B2B06C-61FD-4D7A-8DEA-58529EA4A8D6}.Debug|Any CPU.Build.0 = Debug|Any CPU
		{F4B2B06C-61FD-4D7A-8DEA-58529EA4A8D6}.Release|Any CPU.ActiveCfg = Release|Any CPU
		{F4B2B06C-61FD-4D7A-8DEA-58529EA4A8D6}.Release|Any CPU.Build.0 = Release|Any CPU
	EndGlobalSection
	GlobalSection(SolutionProperties) = preSolution
		HideSolutionNode = FALSE
	EndGlobalSection
	GlobalSection(ExtensibilityGlobals) = postSolution
		SolutionGuid = {FB6EB8FD-F074-4F15-81EA-DE5648236D7A}
	EndGlobalSection
EndGlobal
